
Microsoft Visual Studio Solution File, Format Version 12.00
# Visual Studio Version 17
VisualStudioVersion = 17.4.33110.190
MinimumVisualStudioVersion = 10.0.40219.1
Project("{FAE04EC0-301F-11D3-BF4B-00C04F79EFBC}") = "WEB-1001-Winter-2023-Web-App-101", "WEB-1001-Winter-2023-Web-App-101\WEB-1001-Winter-2023-Web-App-101.csproj", "{A17ED630-7058-450E-B98C-2915A0CAB79A}"
EndProject
Global
	GlobalSection(SolutionConfigurationPlatforms) = preSolution
		Debug|Any CPU = Debug|Any CPU
		Release|Any CPU = Release|Any CPU
	EndGlobalSection
	GlobalSection(ProjectConfigurationPlatforms) = postSolution
		{A17ED630-7058-450E-B98C-2915A0CAB79A}.Debug|Any CPU.ActiveCfg = Debug|Any CPU
		{A17ED630-7058-450E-B98C-2915A0CAB79A}.Debug|Any CPU.Build.0 = Debug|Any CPU
		{A17ED630-7058-450E-B98C-2915A0CAB79A}.Release|Any CPU.ActiveCfg = Release|Any CPU
		{A17ED630-7058-450E-B98C-2915A0CAB79A}.Release|Any CPU.Build.0 = Release|Any CPU
	EndGlobalSection
	GlobalSection(SolutionProperties) = preSolution
		HideSolutionNode = FALSE
	EndGlobalSection
	GlobalSection(ExtensibilityGlobals) = postSolution
		SolutionGuid = {531DA487-D19C-464E-90E4-16BDC8CA5050}
	EndGlobalSection
EndGlobal
